
Microsoft Visual Studio Solution File, Format Version 12.00
# Visual Studio Version 16
VisualStudioVersion = 16.0.28922.388
MinimumVisualStudioVersion = 10.0.40219.1
Project("{9A19103F-16F7-4668-BE54-9A1E7A4F7556}") = "Person", "Person\Person.csproj", "{B017C35F-8072-418C-9ECE-29BC667A118C}"
EndProject
Project("{9A19103F-16F7-4668-BE54-9A1E7A4F7556}") = "Animals", "Animals\Animals.csproj", "{23920482-0658-4B8F-AADF-F7AC11015041}"
EndProject
Project("{9A19103F-16F7-4668-BE54-9A1E7A4F7556}") = "Restaurant", "Restaurant\Restaurant.csproj", "{F5BBDD67-3182-49F7-9333-A67939D000BE}"
EndProject
Project("{9A19103F-16F7-4668-BE54-9A1E7A4F7556}") = "Zoo", "Zoo\Zoo.csproj", "{9930D442-7F88-406E-AAE0-9461DB0B329E}"
EndProject
Project("{9A19103F-16F7-4668-BE54-9A1E7A4F7556}") = "PlayersAndMonsters", "PlayersAndMonsters\PlayersAndMonsters.csproj", "{D2249E70-2FC3-4800-AC7F-7FAC380007AD}"
EndProject
Project("{9A19103F-16F7-4668-BE54-9A1E7A4F7556}") = "NeedForSpeed", "NeedForSpeed\NeedForSpeed.csproj", "{F792C3A4-D2E2-4C16-8D26-A556D32CDEBD}"
EndProject
Project("{9A19103F-16F7-4668-BE54-9A1E7A4F7556}") = "CustomRandomList", "CustomRandomList\CustomRandomList.csproj", "{7766C56C-DA5E-4EF0-B665-607BA155F28B}"
EndProject
Project("{9A19103F-16F7-4668-BE54-9A1E7A4F7556}") = "CustomStack", "CustomStack\CustomStack.csproj", "{C47F0ACA-F557-4C19-B85E-0D77A478D7CB}"
EndProject
Project("{9A19103F-16F7-4668-BE54-9A1E7A4F7556}") = "Farm", "Farm\Farm.csproj", "{4710EA6C-E3F3-4D83-9585-79D13164397F}"
EndProject
Project("{2150E333-8FDC-42A3-9474-1A3956D46DE8}") = "Inheritance", "Inheritance", "{6EE9E35E-4191-4B26-A4DD-375B961260A5}"
EndProject
Project("{2150E333-8FDC-42A3-9474-1A3956D46DE8}") = "Encapsulating", "Encapsulating", "{86C06EC2-40E4-4F3B-870A-066184DEBEB0}"
EndProject
Project("{9A19103F-16F7-4668-BE54-9A1E7A4F7556}") = "Encapsulation - Lab", "PersonsInfo\Encapsulation - Lab.csproj", "{A6F2DADD-6DB3-499E-9083-256E668D22D3}"
EndProject
Project("{9A19103F-16F7-4668-BE54-9A1E7A4F7556}") = "ClassBoxData", "ClassBoxData\ClassBoxData.csproj", "{21549B33-06C2-4020-A50F-5E8D95946094}"
EndProject
Project("{9A19103F-16F7-4668-BE54-9A1E7A4F7556}") = "Animal Farm", "Animal Farm\Animal Farm.csproj", "{E2E56B2F-2861-4CBA-8198-A1AD2C682DC6}"
EndProject
Project("{9A19103F-16F7-4668-BE54-9A1E7A4F7556}") = "ShoppingSpree", "ShoppingSpree\ShoppingSpree.csproj", "{FB12AE32-8FE4-4E96-95FE-5AEFA3A259E7}"
EndProject
Project("{9A19103F-16F7-4668-BE54-9A1E7A4F7556}") = "Pizza Calories", "Pizza Calories\Pizza Calories.csproj", "{A1A6342A-C1DD-42E3-984D-37BE5FA32D7B}"
EndProject
Project("{9A19103F-16F7-4668-BE54-9A1E7A4F7556}") = "Shapes", "Shapes\Shapes.csproj", "{03F8B5AB-6C73-41A2-A154-2814A5058334}"
EndProject
Project("{9A19103F-16F7-4668-BE54-9A1E7A4F7556}") = "Cars", "Cars\Cars.csproj", "{1313DA20-5634-4780-9D8C-480F5647BE53}"
EndProject
Project("{9A19103F-16F7-4668-BE54-9A1E7A4F7556}") = "PersonInfo", "PersonInfo\PersonInfo.csproj", "{F440174E-D240-49F1-8042-27F4721E3C6B}"
EndProject
Project("{9A19103F-16F7-4668-BE54-9A1E7A4F7556}") = "Telephony", "Telephony\Telephony.csproj", "{0577BECF-A203-457C-A839-3773199FB393}"
EndProject
Project("{9A19103F-16F7-4668-BE54-9A1E7A4F7556}") = "Border.Control", "Border.Control\Border.Control.csproj", "{344708E7-0F74-4D16-B4E2-81F7EE844FF4}"
EndProject
Project("{9A19103F-16F7-4668-BE54-9A1E7A4F7556}") = "Military.Elite", "Military.Elite\Military.Elite.csproj", "{0E3F317F-B973-4634-AF0B-228D593905CF}"
EndProject
Project("{9A19103F-16F7-4668-BE54-9A1E7A4F7556}") = "Vehicles", "Vehicles\Vehicles\Vehicles\Vehicles.csproj", "{90DB936F-81C0-4267-A375-F9F01661D3D7}"
EndProject
Project("{9A19103F-16F7-4668-BE54-9A1E7A4F7556}") = "Fixing", "Fixing\Fixing.csproj", "{82E58203-9127-4A04-A3D1-259D85AFF764}"
EndProject
Project("{9A19103F-16F7-4668-BE54-9A1E7A4F7556}") = "Riding", "Riding\Riding.csproj", "{E5B8B871-0057-4565-9DDD-F84961491681}"
EndProject
Project("{9A19103F-16F7-4668-BE54-9A1E7A4F7556}") = "Wild.Farm", "Wild.Farm\Wild.Farm.csproj", "{46444099-CEBA-41C8-80FD-694D93274FB4}"
EndProject
Project("{9A19103F-16F7-4668-BE54-9A1E7A4F7556}") = "Explicit.Interfaces", "Explicit.Interfaces\Explicit.Interfaces.csproj", "{12D289F0-4984-41C8-BA86-3D2D67575BF4}"
EndProject
Project("{9A19103F-16F7-4668-BE54-9A1E7A4F7556}") = "SOLID", "SOLID\SOLID.csproj", "{2AA5675E-9A5F-4915-84A4-8521FAED9518}"
EndProject
Project("{9A19103F-16F7-4668-BE54-9A1E7A4F7556}") = "ReflectionDemo", "Reflection\ReflectionDemo.csproj", "{F2B0F5C3-74DF-49EE-8DEC-17701D062492}"
EndProject
Project("{FAE04EC0-301F-11D3-BF4B-00C04F79EFBC}") = "Stealer", "Stealer\Stealer.csproj", "{A642FE09-326A-44BD-A281-9A9F4F55EDFB}"
EndProject
Project("{FAE04EC0-301F-11D3-BF4B-00C04F79EFBC}") = "AuthorProblem", "AuthorProblem\AuthorProblem.csproj", "{80BA1ED0-B125-4D35-B79F-2397F5EEA2DE}"
EndProject
Project("{9A19103F-16F7-4668-BE54-9A1E7A4F7556}") = "CommandPattern", "ReflectionAndAttributes\CommandPattern\CommandPattern.csproj", "{CBB2B3F3-8A8B-4B81-ABE4-9EF73A2B5BCC}"
EndProject
Project("{9A19103F-16F7-4668-BE54-9A1E7A4F7556}") = "ValidationAttributes", "ReflectionAndAttributes\ValidationAttributes\ValidationAttributes.csproj", "{037C3261-7D0A-4F81-A59A-3D43AA069B2C}"
EndProject
Project("{9A19103F-16F7-4668-BE54-9A1E7A4F7556}") = "Skeleton", "Unit-Testing-Lab\Skeleton\Skeleton.csproj", "{C3364D5A-E884-4729-9B77-F91711554C88}"
EndProject
Project("{9A19103F-16F7-4668-BE54-9A1E7A4F7556}") = "Skeleton.Tests", "Unit-Testing-Lab\Skeleton.Tests\Skeleton.Tests.csproj", "{C91BE707-9313-4849-8C03-46636F1E3439}"
EndProject
Global
	GlobalSection(SolutionConfigurationPlatforms) = preSolution
		Debug|Any CPU = Debug|Any CPU
		Release|Any CPU = Release|Any CPU
	EndGlobalSection
	GlobalSection(ProjectConfigurationPlatforms) = postSolution
		{B017C35F-8072-418C-9ECE-29BC667A118C}.Debug|Any CPU.ActiveCfg = Debug|Any CPU
		{B017C35F-8072-418C-9ECE-29BC667A118C}.Debug|Any CPU.Build.0 = Debug|Any CPU
		{B017C35F-8072-418C-9ECE-29BC667A118C}.Release|Any CPU.ActiveCfg = Release|Any CPU
		{B017C35F-8072-418C-9ECE-29BC667A118C}.Release|Any CPU.Build.0 = Release|Any CPU
		{23920482-0658-4B8F-AADF-F7AC11015041}.Debug|Any CPU.ActiveCfg = Debug|Any CPU
		{23920482-0658-4B8F-AADF-F7AC11015041}.Debug|Any CPU.Build.0 = Debug|Any CPU
		{23920482-0658-4B8F-AADF-F7AC11015041}.Release|Any CPU.ActiveCfg = Release|Any CPU
		{23920482-0658-4B8F-AADF-F7AC11015041}.Release|Any CPU.Build.0 = Release|Any CPU
		{F5BBDD67-3182-49F7-9333-A67939D000BE}.Debug|Any CPU.ActiveCfg = Debug|Any CPU
		{F5BBDD67-3182-49F7-9333-A67939D000BE}.Debug|Any CPU.Build.0 = Debug|Any CPU
		{F5BBDD67-3182-49F7-9333-A67939D000BE}.Release|Any CPU.ActiveCfg = Release|Any CPU
		{F5BBDD67-3182-49F7-9333-A67939D000BE}.Release|Any CPU.Build.0 = Release|Any CPU
		{9930D442-7F88-406E-AAE0-9461DB0B329E}.Debug|Any CPU.ActiveCfg = Debug|Any CPU
		{9930D442-7F88-406E-AAE0-9461DB0B329E}.Debug|Any CPU.Build.0 = Debug|Any CPU
		{9930D442-7F88-406E-AAE0-9461DB0B329E}.Release|Any CPU.ActiveCfg = Release|Any CPU
		{9930D442-7F88-406E-AAE0-9461DB0B329E}.Release|Any CPU.Build.0 = Release|Any CPU
		{D2249E70-2FC3-4800-AC7F-7FAC380007AD}.Debug|Any CPU.ActiveCfg = Debug|Any CPU
		{D2249E70-2FC3-4800-AC7F-7FAC380007AD}.Debug|Any CPU.Build.0 = Debug|Any CPU
		{D2249E70-2FC3-4800-AC7F-7FAC380007AD}.Release|Any CPU.ActiveCfg = Release|Any CPU
		{D2249E70-2FC3-4800-AC7F-7FAC380007AD}.Release|Any CPU.Build.0 = Release|Any CPU
		{F792C3A4-D2E2-4C16-8D26-A556D32CDEBD}.Debug|Any CPU.ActiveCfg = Debug|Any CPU
		{F792C3A4-D2E2-4C16-8D26-A556D32CDEBD}.Debug|Any CPU.Build.0 = Debug|Any CPU
		{F792C3A4-D2E2-4C16-8D26-A556D32CDEBD}.Release|Any CPU.ActiveCfg = Release|Any CPU
		{F792C3A4-D2E2-4C16-8D26-A556D32CDEBD}.Release|Any CPU.Build.0 = Release|Any CPU
		{7766C56C-DA5E-4EF0-B665-607BA155F28B}.Debug|Any CPU.ActiveCfg = Debug|Any CPU
		{7766C56C-DA5E-4EF0-B665-607BA155F28B}.Debug|Any CPU.Build.0 = Debug|Any CPU
		{7766C56C-DA5E-4EF0-B665-607BA155F28B}.Release|Any CPU.ActiveCfg = Release|Any CPU
		{7766C56C-DA5E-4EF0-B665-607BA155F28B}.Release|Any CPU.Build.0 = Release|Any CPU
		{C47F0ACA-F557-4C19-B85E-0D77A478D7CB}.Debug|Any CPU.ActiveCfg = Debug|Any CPU
		{C47F0ACA-F557-4C19-B85E-0D77A478D7CB}.Debug|Any CPU.Build.0 = Debug|Any CPU
		{C47F0ACA-F557-4C19-B85E-0D77A478D7CB}.Release|Any CPU.ActiveCfg = Release|Any CPU
		{C47F0ACA-F557-4C19-B85E-0D77A478D7CB}.Release|Any CPU.Build.0 = Release|Any CPU
		{4710EA6C-E3F3-4D83-9585-79D13164397F}.Debug|Any CPU.ActiveCfg = Debug|Any CPU
		{4710EA6C-E3F3-4D83-9585-79D13164397F}.Debug|Any CPU.Build.0 = Debug|Any CPU
		{4710EA6C-E3F3-4D83-9585-79D13164397F}.Release|Any CPU.ActiveCfg = Release|Any CPU
		{4710EA6C-E3F3-4D83-9585-79D13164397F}.Release|Any CPU.Build.0 = Release|Any CPU
		{A6F2DADD-6DB3-499E-9083-256E668D22D3}.Debug|Any CPU.ActiveCfg = Debug|Any CPU
		{A6F2DADD-6DB3-499E-9083-256E668D22D3}.Debug|Any CPU.Build.0 = Debug|Any CPU
		{A6F2DADD-6DB3-499E-9083-256E668D22D3}.Release|Any CPU.ActiveCfg = Release|Any CPU
		{A6F2DADD-6DB3-499E-9083-256E668D22D3}.Release|Any CPU.Build.0 = Release|Any CPU
		{21549B33-06C2-4020-A50F-5E8D95946094}.Debug|Any CPU.ActiveCfg = Debug|Any CPU
		{21549B33-06C2-4020-A50F-5E8D95946094}.Debug|Any CPU.Build.0 = Debug|Any CPU
		{21549B33-06C2-4020-A50F-5E8D95946094}.Release|Any CPU.ActiveCfg = Release|Any CPU
		{21549B33-06C2-4020-A50F-5E8D95946094}.Release|Any CPU.Build.0 = Release|Any CPU
		{E2E56B2F-2861-4CBA-8198-A1AD2C682DC6}.Debug|Any CPU.ActiveCfg = Debug|Any CPU
		{E2E56B2F-2861-4CBA-8198-A1AD2C682DC6}.Debug|Any CPU.Build.0 = Debug|Any CPU
		{E2E56B2F-2861-4CBA-8198-A1AD2C682DC6}.Release|Any CPU.ActiveCfg = Release|Any CPU
		{E2E56B2F-2861-4CBA-8198-A1AD2C682DC6}.Release|Any CPU.Build.0 = Release|Any CPU
		{FB12AE32-8FE4-4E96-95FE-5AEFA3A259E7}.Debug|Any CPU.ActiveCfg = Debug|Any CPU
		{FB12AE32-8FE4-4E96-95FE-5AEFA3A259E7}.Debug|Any CPU.Build.0 = Debug|Any CPU
		{FB12AE32-8FE4-4E96-95FE-5AEFA3A259E7}.Release|Any CPU.ActiveCfg = Release|Any CPU
		{FB12AE32-8FE4-4E96-95FE-5AEFA3A259E7}.Release|Any CPU.Build.0 = Release|Any CPU
		{A1A6342A-C1DD-42E3-984D-37BE5FA32D7B}.Debug|Any CPU.ActiveCfg = Debug|Any CPU
		{A1A6342A-C1DD-42E3-984D-37BE5FA32D7B}.Debug|Any CPU.Build.0 = Debug|Any CPU
		{A1A6342A-C1DD-42E3-984D-37BE5FA32D7B}.Release|Any CPU.ActiveCfg = Release|Any CPU
		{A1A6342A-C1DD-42E3-984D-37BE5FA32D7B}.Release|Any CPU.Build.0 = Release|Any CPU
		{03F8B5AB-6C73-41A2-A154-2814A5058334}.Debug|Any CPU.ActiveCfg = Debug|Any CPU
		{03F8B5AB-6C73-41A2-A154-2814A5058334}.Debug|Any CPU.Build.0 = Debug|Any CPU
		{03F8B5AB-6C73-41A2-A154-2814A5058334}.Release|Any CPU.ActiveCfg = Release|Any CPU
		{03F8B5AB-6C73-41A2-A154-2814A5058334}.Release|Any CPU.Build.0 = Release|Any CPU
		{1313DA20-5634-4780-9D8C-480F5647BE53}.Debug|Any CPU.ActiveCfg = Debug|Any CPU
		{1313DA20-5634-4780-9D8C-480F5647BE53}.Debug|Any CPU.Build.0 = Debug|Any CPU
		{1313DA20-5634-4780-9D8C-480F5647BE53}.Release|Any CPU.ActiveCfg = Release|Any CPU
		{1313DA20-5634-4780-9D8C-480F5647BE53}.Release|Any CPU.Build.0 = Release|Any CPU
		{F440174E-D240-49F1-8042-27F4721E3C6B}.Debug|Any CPU.ActiveCfg = Debug|Any CPU
		{F440174E-D240-49F1-8042-27F4721E3C6B}.Debug|Any CPU.Build.0 = Debug|Any CPU
		{F440174E-D240-49F1-8042-27F4721E3C6B}.Release|Any CPU.ActiveCfg = Release|Any CPU
		{F440174E-D240-49F1-8042-27F4721E3C6B}.Release|Any CPU.Build.0 = Release|Any CPU
		{0577BECF-A203-457C-A839-3773199FB393}.Debug|Any CPU.ActiveCfg = Debug|Any CPU
		{0577BECF-A203-457C-A839-3773199FB393}.Debug|Any CPU.Build.0 = Debug|Any CPU
		{0577BECF-A203-457C-A839-3773199FB393}.Release|Any CPU.ActiveCfg = Release|Any CPU
		{0577BECF-A203-457C-A839-3773199FB393}.Release|Any CPU.Build.0 = Release|Any CPU
		{344708E7-0F74-4D16-B4E2-81F7EE844FF4}.Debug|Any CPU.ActiveCfg = Debug|Any CPU
		{344708E7-0F74-4D16-B4E2-81F7EE844FF4}.Debug|Any CPU.Build.0 = Debug|Any CPU
		{344708E7-0F74-4D16-B4E2-81F7EE844FF4}.Release|Any CPU.ActiveCfg = Release|Any CPU
		{344708E7-0F74-4D16-B4E2-81F7EE844FF4}.Release|Any CPU.Build.0 = Release|Any CPU
		{0E3F317F-B973-4634-AF0B-228D593905CF}.Debug|Any CPU.ActiveCfg = Debug|Any CPU
		{0E3F317F-B973-4634-AF0B-228D593905CF}.Debug|Any CPU.Build.0 = Debug|Any CPU
		{0E3F317F-B973-4634-AF0B-228D593905CF}.Release|Any CPU.ActiveCfg = Release|Any CPU
		{0E3F317F-B973-4634-AF0B-228D593905CF}.Release|Any CPU.Build.0 = Release|Any CPU
		{90DB936F-81C0-4267-A375-F9F01661D3D7}.Debug|Any CPU.ActiveCfg = Debug|Any CPU
		{90DB936F-81C0-4267-A375-F9F01661D3D7}.Debug|Any CPU.Build.0 = Debug|Any CPU
		{90DB936F-81C0-4267-A375-F9F01661D3D7}.Release|Any CPU.ActiveCfg = Release|Any CPU
		{90DB936F-81C0-4267-A375-F9F01661D3D7}.Release|Any CPU.Build.0 = Release|Any CPU
		{82E58203-9127-4A04-A3D1-259D85AFF764}.Debug|Any CPU.ActiveCfg = Debug|Any CPU
		{82E58203-9127-4A04-A3D1-259D85AFF764}.Debug|Any CPU.Build.0 = Debug|Any CPU
		{82E58203-9127-4A04-A3D1-259D85AFF764}.Release|Any CPU.ActiveCfg = Release|Any CPU
		{82E58203-9127-4A04-A3D1-259D85AFF764}.Release|Any CPU.Build.0 = Release|Any CPU
		{E5B8B871-0057-4565-9DDD-F84961491681}.Debug|Any CPU.ActiveCfg = Debug|Any CPU
		{E5B8B871-0057-4565-9DDD-F84961491681}.Debug|Any CPU.Build.0 = Debug|Any CPU
		{E5B8B871-0057-4565-9DDD-F84961491681}.Release|Any CPU.ActiveCfg = Release|Any CPU
		{E5B8B871-0057-4565-9DDD-F84961491681}.Release|Any CPU.Build.0 = Release|Any CPU
		{46444099-CEBA-41C8-80FD-694D93274FB4}.Debug|Any CPU.ActiveCfg = Debug|Any CPU
		{46444099-CEBA-41C8-80FD-694D93274FB4}.Debug|Any CPU.Build.0 = Debug|Any CPU
		{46444099-CEBA-41C8-80FD-694D93274FB4}.Release|Any CPU.ActiveCfg = Release|Any CPU
		{46444099-CEBA-41C8-80FD-694D93274FB4}.Release|Any CPU.Build.0 = Release|Any CPU
		{12D289F0-4984-41C8-BA86-3D2D67575BF4}.Debug|Any CPU.ActiveCfg = Debug|Any CPU
		{12D289F0-4984-41C8-BA86-3D2D67575BF4}.Debug|Any CPU.Build.0 = Debug|Any CPU
		{12D289F0-4984-41C8-BA86-3D2D67575BF4}.Release|Any CPU.ActiveCfg = Release|Any CPU
		{12D289F0-4984-41C8-BA86-3D2D67575BF4}.Release|Any CPU.Build.0 = Release|Any CPU
		{2AA5675E-9A5F-4915-84A4-8521FAED9518}.Debug|Any CPU.ActiveCfg = Debug|Any CPU
		{2AA5675E-9A5F-4915-84A4-8521FAED9518}.Debug|Any CPU.Build.0 = Debug|Any CPU
		{2AA5675E-9A5F-4915-84A4-8521FAED9518}.Release|Any CPU.ActiveCfg = Release|Any CPU
		{2AA5675E-9A5F-4915-84A4-8521FAED9518}.Release|Any CPU.Build.0 = Release|Any CPU
		{F2B0F5C3-74DF-49EE-8DEC-17701D062492}.Debug|Any CPU.ActiveCfg = Debug|Any CPU
		{F2B0F5C3-74DF-49EE-8DEC-17701D062492}.Debug|Any CPU.Build.0 = Debug|Any CPU
		{F2B0F5C3-74DF-49EE-8DEC-17701D062492}.Release|Any CPU.ActiveCfg = Release|Any CPU
		{F2B0F5C3-74DF-49EE-8DEC-17701D062492}.Release|Any CPU.Build.0 = Release|Any CPU
		{A642FE09-326A-44BD-A281-9A9F4F55EDFB}.Debug|Any CPU.ActiveCfg = Debug|Any CPU
		{A642FE09-326A-44BD-A281-9A9F4F55EDFB}.Debug|Any CPU.Build.0 = Debug|Any CPU
		{A642FE09-326A-44BD-A281-9A9F4F55EDFB}.Release|Any CPU.ActiveCfg = Release|Any CPU
		{A642FE09-326A-44BD-A281-9A9F4F55EDFB}.Release|Any CPU.Build.0 = Release|Any CPU
		{80BA1ED0-B125-4D35-B79F-2397F5EEA2DE}.Debug|Any CPU.ActiveCfg = Debug|Any CPU
		{80BA1ED0-B125-4D35-B79F-2397F5EEA2DE}.Debug|Any CPU.Build.0 = Debug|Any CPU
		{80BA1ED0-B125-4D35-B79F-2397F5EEA2DE}.Release|Any CPU.ActiveCfg = Release|Any CPU
		{80BA1ED0-B125-4D35-B79F-2397F5EEA2DE}.Release|Any CPU.Build.0 = Release|Any CPU
		{CBB2B3F3-8A8B-4B81-ABE4-9EF73A2B5BCC}.Debug|Any CPU.ActiveCfg = Debug|Any CPU
		{CBB2B3F3-8A8B-4B81-ABE4-9EF73A2B5BCC}.Debug|Any CPU.Build.0 = Debug|Any CPU
		{CBB2B3F3-8A8B-4B81-ABE4-9EF73A2B5BCC}.Release|Any CPU.ActiveCfg = Release|Any CPU
		{CBB2B3F3-8A8B-4B81-ABE4-9EF73A2B5BCC}.Release|Any CPU.Build.0 = Release|Any CPU
		{037C3261-7D0A-4F81-A59A-3D43AA069B2C}.Debug|Any CPU.ActiveCfg = Debug|Any CPU
		{037C3261-7D0A-4F81-A59A-3D43AA069B2C}.Debug|Any CPU.Build.0 = Debug|Any CPU
		{037C3261-7D0A-4F81-A59A-3D43AA069B2C}.Release|Any CPU.ActiveCfg = Release|Any CPU
		{037C3261-7D0A-4F81-A59A-3D43AA069B2C}.Release|Any CPU.Build.0 = Release|Any CPU
		{C3364D5A-E884-4729-9B77-F91711554C88}.Debug|Any CPU.ActiveCfg = Debug|Any CPU
		{C3364D5A-E884-4729-9B77-F91711554C88}.Debug|Any CPU.Build.0 = Debug|Any CPU
		{C3364D5A-E884-4729-9B77-F91711554C88}.Release|Any CPU.ActiveCfg = Release|Any CPU
		{C3364D5A-E884-4729-9B77-F91711554C88}.Release|Any CPU.Build.0 = Release|Any CPU
		{C91BE707-9313-4849-8C03-46636F1E3439}.Debug|Any CPU.ActiveCfg = Debug|Any CPU
		{C91BE707-9313-4849-8C03-46636F1E3439}.Debug|Any CPU.Build.0 = Debug|Any CPU
		{C91BE707-9313-4849-8C03-46636F1E3439}.Release|Any CPU.ActiveCfg = Release|Any CPU
		{C91BE707-9313-4849-8C03-46636F1E3439}.Release|Any CPU.Build.0 = Release|Any CPU
	EndGlobalSection
	GlobalSection(SolutionProperties) = preSolution
		HideSolutionNode = FALSE
	EndGlobalSection
	GlobalSection(NestedProjects) = preSolution
		{B017C35F-8072-418C-9ECE-29BC667A118C} = {6EE9E35E-4191-4B26-A4DD-375B961260A5}
		{23920482-0658-4B8F-AADF-F7AC11015041} = {6EE9E35E-4191-4B26-A4DD-375B961260A5}
		{F5BBDD67-3182-49F7-9333-A67939D000BE} = {6EE9E35E-4191-4B26-A4DD-375B961260A5}
		{9930D442-7F88-406E-AAE0-9461DB0B329E} = {6EE9E35E-4191-4B26-A4DD-375B961260A5}
		{D2249E70-2FC3-4800-AC7F-7FAC380007AD} = {6EE9E35E-4191-4B26-A4DD-375B961260A5}
		{F792C3A4-D2E2-4C16-8D26-A556D32CDEBD} = {6EE9E35E-4191-4B26-A4DD-375B961260A5}
		{7766C56C-DA5E-4EF0-B665-607BA155F28B} = {6EE9E35E-4191-4B26-A4DD-375B961260A5}
		{C47F0ACA-F557-4C19-B85E-0D77A478D7CB} = {6EE9E35E-4191-4B26-A4DD-375B961260A5}
		{4710EA6C-E3F3-4D83-9585-79D13164397F} = {6EE9E35E-4191-4B26-A4DD-375B961260A5}
		{A6F2DADD-6DB3-499E-9083-256E668D22D3} = {86C06EC2-40E4-4F3B-870A-066184DEBEB0}
		{21549B33-06C2-4020-A50F-5E8D95946094} = {86C06EC2-40E4-4F3B-870A-066184DEBEB0}
		{E2E56B2F-2861-4CBA-8198-A1AD2C682DC6} = {86C06EC2-40E4-4F3B-870A-066184DEBEB0}
		{FB12AE32-8FE4-4E96-95FE-5AEFA3A259E7} = {86C06EC2-40E4-4F3B-870A-066184DEBEB0}
		{A1A6342A-C1DD-42E3-984D-37BE5FA32D7B} = {86C06EC2-40E4-4F3B-870A-066184DEBEB0}
	EndGlobalSection
	GlobalSection(ExtensibilityGlobals) = postSolution
		SolutionGuid = {9403B451-1B0E-4D8E-BA2D-5970ABB44B34}
	EndGlobalSection
EndGlobal
