
Microsoft Visual Studio Solution File, Format Version 12.00
# Visual Studio Version 16
VisualStudioVersion = 16.0.30503.244
MinimumVisualStudioVersion = 10.0.40219.1
Project("{9A19103F-16F7-4668-BE54-9A1E7A4F7556}") = "CarManufacturer", "Car\CarManufacturer.csproj", "{2142733F-5356-4E5C-86A6-AFA4E9DB13C8}"
EndProject
Project("{9A19103F-16F7-4668-BE54-9A1E7A4F7556}") = "DefiningClasses", "DefiningClasses\DefiningClasses.csproj", "{00C9034B-9894-420E-A219-96759A92AA52}"
EndProject
Project("{9A19103F-16F7-4668-BE54-9A1E7A4F7556}") = "Speed Racing", "Speed Racing\Speed Racing.csproj", "{9078683E-A41E-48FF-86C9-53E01EC83DE3}"
EndProject
Project("{9A19103F-16F7-4668-BE54-9A1E7A4F7556}") = "Raw Data", "Raw Data\Raw Data.csproj", "{2223E716-5209-476E-A02D-B6D6C1958C7D}"
EndProject
Project("{9A19103F-16F7-4668-BE54-9A1E7A4F7556}") = "SoftUniParking", "SoftUniParking\SoftUniParking.csproj", "{4E674D66-0EE1-427A-BCE4-7B7266756270}"
EndProject
Project("{FAE04EC0-301F-11D3-BF4B-00C04F79EFBC}") = "Car Salesman", "Car Salesman\Car Salesman.csproj", "{66DD5030-A66A-4ADD-9D8B-A5E1885B7296}"
EndProject
Global
	GlobalSection(SolutionConfigurationPlatforms) = preSolution
		Debug|Any CPU = Debug|Any CPU
		Release|Any CPU = Release|Any CPU
	EndGlobalSection
	GlobalSection(ProjectConfigurationPlatforms) = postSolution
		{2142733F-5356-4E5C-86A6-AFA4E9DB13C8}.Debug|Any CPU.ActiveCfg = Debug|Any CPU
		{2142733F-5356-4E5C-86A6-AFA4E9DB13C8}.Debug|Any CPU.Build.0 = Debug|Any CPU
		{2142733F-5356-4E5C-86A6-AFA4E9DB13C8}.Release|Any CPU.ActiveCfg = Release|Any CPU
		{2142733F-5356-4E5C-86A6-AFA4E9DB13C8}.Release|Any CPU.Build.0 = Release|Any CPU
		{00C9034B-9894-420E-A219-96759A92AA52}.Debug|Any CPU.ActiveCfg = Debug|Any CPU
		{00C9034B-9894-420E-A219-96759A92AA52}.Debug|Any CPU.Build.0 = Debug|Any CPU
		{00C9034B-9894-420E-A219-96759A92AA52}.Release|Any CPU.ActiveCfg = Release|Any CPU
		{00C9034B-9894-420E-A219-96759A92AA52}.Release|Any CPU.Build.0 = Release|Any CPU
		{9078683E-A41E-48FF-86C9-53E01EC83DE3}.Debug|Any CPU.ActiveCfg = Debug|Any CPU
		{9078683E-A41E-48FF-86C9-53E01EC83DE3}.Debug|Any CPU.Build.0 = Debug|Any CPU
		{9078683E-A41E-48FF-86C9-53E01EC83DE3}.Release|Any CPU.ActiveCfg = Release|Any CPU
		{9078683E-A41E-48FF-86C9-53E01EC83DE3}.Release|Any CPU.Build.0 = Release|Any CPU
		{2223E716-5209-476E-A02D-B6D6C1958C7D}.Debug|Any CPU.ActiveCfg = Debug|Any CPU
		{2223E716-5209-476E-A02D-B6D6C1958C7D}.Debug|Any CPU.Build.0 = Debug|Any CPU
		{2223E716-5209-476E-A02D-B6D6C1958C7D}.Release|Any CPU.ActiveCfg = Release|Any CPU
		{2223E716-5209-476E-A02D-B6D6C1958C7D}.Release|Any CPU.Build.0 = Release|Any CPU
		{4E674D66-0EE1-427A-BCE4-7B7266756270}.Debug|Any CPU.ActiveCfg = Debug|Any CPU
		{4E674D66-0EE1-427A-BCE4-7B7266756270}.Debug|Any CPU.Build.0 = Debug|Any CPU
		{4E674D66-0EE1-427A-BCE4-7B7266756270}.Release|Any CPU.ActiveCfg = Release|Any CPU
		{4E674D66-0EE1-427A-BCE4-7B7266756270}.Release|Any CPU.Build.0 = Release|Any CPU
		{66DD5030-A66A-4ADD-9D8B-A5E1885B7296}.Debug|Any CPU.ActiveCfg = Debug|Any CPU
		{66DD5030-A66A-4ADD-9D8B-A5E1885B7296}.Debug|Any CPU.Build.0 = Debug|Any CPU
		{66DD5030-A66A-4ADD-9D8B-A5E1885B7296}.Release|Any CPU.ActiveCfg = Release|Any CPU
		{66DD5030-A66A-4ADD-9D8B-A5E1885B7296}.Release|Any CPU.Build.0 = Release|Any CPU
	EndGlobalSection
	GlobalSection(SolutionProperties) = preSolution
		HideSolutionNode = FALSE
	EndGlobalSection
	GlobalSection(ExtensibilityGlobals) = postSolution
		SolutionGuid = {3621F745-C61F-4A40-A592-D532DBFC3A4F}
	EndGlobalSection
EndGlobal
